<?xml version="1.0" encoding="utf-8"?>
<Project ToolsVersion="4.0" xmlns="http://schemas.microsoft.com/developer/msbuild/2003">
  <ItemGroup>
    <Filter Include="소스 파일">
      <UniqueIdentifier>{4FC737F1-C7A5-4376-A066-2A32D752A2FF}</UniqueIdentifier>
      <Extensions>cpp;c;cc;cxx;def;odl;idl;hpj;bat;asm;asmx</Extensions>
    </Filter>
    <Filter Include="헤더 파일">
      <UniqueIdentifier>{93995380-89BD-4b04-88EB-625FBE52EBFB}</UniqueIdentifier>
      <Extensions>h;hh;hpp;hxx;hm;inl;inc;ipp;xsd</Extensions>
    </Filter>
    <Filter Include="리소스 파일">
      <UniqueIdentifier>{67DA6AB6-F800-4c08-8B7A-83BB121AAD01}</UniqueIdentifier>
      <Extensions>rc;ico;cur;bmp;dlg;rc2;rct;bin;rgs;gif;jpg;jpeg;jpe;resx;tiff;tif;png;wav;mfcribbon-ms</Extensions>
    </Filter>
    <Filter Include="2DGameFramework">
      <UniqueIdentifier>{d4228325-ab86-4575-8d38-59949d73a0ec}</UniqueIdentifier>
    </Filter>
    <Filter Include="playGround">
      <UniqueIdentifier>{84513b37-b08c-49e4-bd15-6f8f6752b18e}</UniqueIdentifier>
    </Filter>
    <Filter Include="2DGameFramework\SingletonBase">
      <UniqueIdentifier>{8785790c-f93f-411d-90ff-bd2e05bd6334}</UniqueIdentifier>
    </Filter>
    <Filter Include="2DGameFramework\Manager">
      <UniqueIdentifier>{ddfb3dc3-ec5a-4752-880c-db14429b78a1}</UniqueIdentifier>
    </Filter>
    <Filter Include="2DGameFramework\image">
      <UniqueIdentifier>{73affc36-76a7-43ee-9dc2-13a65e5a5209}</UniqueIdentifier>
    </Filter>
    <Filter Include="2DGameFramework\Utils">
      <UniqueIdentifier>{dbe4a488-41b4-49cf-8cff-49dbace1d532}</UniqueIdentifier>
    </Filter>
    <Filter Include="playGround\Bullets">
      <UniqueIdentifier>{df5535ce-8bd9-4fd9-9a63-d453b4350b27}</UniqueIdentifier>
    </Filter>
    <Filter Include="playGround\enemy">
      <UniqueIdentifier>{21e0621b-5fb3-4bb1-a11e-f9ae6503038e}</UniqueIdentifier>
    </Filter>
    <Filter Include="2DGameFramework\progressBar">
      <UniqueIdentifier>{9a0b5f25-5b01-4b62-adf0-250e9c46acef}</UniqueIdentifier>
    </Filter>
    <Filter Include="2DGameFramework\txtData">
      <UniqueIdentifier>{b0748259-6cd0-418a-aed2-412f85d75813}</UniqueIdentifier>
    </Filter>
    <Filter Include="2DGameFramework\timer">
      <UniqueIdentifier>{51ba2134-09a6-4e4a-a113-fec61f8f954a}</UniqueIdentifier>
    </Filter>
    <Filter Include="playGround\player">
      <UniqueIdentifier>{0ffff00e-bfc8-4ee4-9abb-4510d2d0089e}</UniqueIdentifier>
    </Filter>
    <Filter Include="playGround\map">
      <UniqueIdentifier>{d6c42bef-c89f-4834-bc8a-dbe78795e8cf}</UniqueIdentifier>
    </Filter>
    <Filter Include="playGround\object">
      <UniqueIdentifier>{a637e3c9-c8c0-43de-89d8-4a81fba6d9f6}</UniqueIdentifier>
    </Filter>
  </ItemGroup>
  <ItemGroup>
    <ClInclude Include="stdafx.h">
      <Filter>헤더 파일</Filter>
    </ClInclude>
    <ClInclude Include="targetver.h">
      <Filter>헤더 파일</Filter>
    </ClInclude>
    <ClInclude Include="Resource.h">
      <Filter>헤더 파일</Filter>
    </ClInclude>
    <ClInclude Include="commonMacroFunction.h">
      <Filter>헤더 파일</Filter>
    </ClInclude>
    <ClInclude Include="gameNode.h">
      <Filter>2DGameFramework</Filter>
    </ClInclude>
    <ClInclude Include="playGround.h">
      <Filter>playGround</Filter>
    </ClInclude>
    <ClInclude Include="singletonBase.h">
      <Filter>2DGameFramework\SingletonBase</Filter>
    </ClInclude>
    <ClInclude Include="randomFunction.h">
      <Filter>헤더 파일</Filter>
    </ClInclude>
    <ClInclude Include="keyManager.h">
      <Filter>2DGameFramework\Manager</Filter>
    </ClInclude>
    <ClInclude Include="image.h">
      <Filter>2DGameFramework\image</Filter>
    </ClInclude>
    <ClInclude Include="utils.h">
      <Filter>2DGameFramework\Utils</Filter>
    </ClInclude>
    <ClInclude Include="imageManager.h">
      <Filter>2DGameFramework\Manager</Filter>
    </ClInclude>
    <ClInclude Include="bullets.h">
      <Filter>playGround\Bullets</Filter>
    </ClInclude>
    <ClInclude Include="enemyManager.h">
      <Filter>playGround\enemy</Filter>
    </ClInclude>
    <ClInclude Include="progressBar.h">
      <Filter>2DGameFramework\progressBar</Filter>
    </ClInclude>
    <ClInclude Include="txtData.h">
      <Filter>2DGameFramework\txtData</Filter>
    </ClInclude>
    <ClInclude Include="timer.h">
      <Filter>2DGameFramework\timer</Filter>
    </ClInclude>
    <ClInclude Include="timeManager.h">
      <Filter>2DGameFramework\Manager</Filter>
    </ClInclude>
    <ClInclude Include="sceneManager.h">
      <Filter>2DGameFramework\Manager</Filter>
    </ClInclude>
    <ClInclude Include="cameraManager.h">
      <Filter>2DGameFramework\Manager</Filter>
    </ClInclude>
    <ClInclude Include="player.h">
      <Filter>playGround\player</Filter>
    </ClInclude>
    <ClInclude Include="JState.h">
      <Filter>playGround\player</Filter>
    </ClInclude>
    <ClInclude Include="CrouchingState.h">
      <Filter>playGround\player</Filter>
    </ClInclude>
    <ClInclude Include="JumpingState.h">
      <Filter>playGround\player</Filter>
    </ClInclude>
    <ClInclude Include="StandingState.h">
      <Filter>playGround\player</Filter>
    </ClInclude>
    <ClInclude Include="UpState.h">
      <Filter>playGround\player</Filter>
    </ClInclude>
    <ClInclude Include="third.h">
      <Filter>playGround\map</Filter>
    </ClInclude>
    <ClInclude Include="testScene.h">
      <Filter>playGround\map</Filter>
    </ClInclude>
    <ClInclude Include="testScene2.h">
      <Filter>playGround\map</Filter>
    </ClInclude>
    <ClInclude Include="save.h">
      <Filter>playGround\map</Filter>
    </ClInclude>
    <ClInclude Include="heal.h">
      <Filter>playGround\map</Filter>
    </ClInclude>
    <ClInclude Include="bossroom.h">
      <Filter>playGround\map</Filter>
    </ClInclude>
    <ClInclude Include="bat.h">
      <Filter>playGround\enemy</Filter>
    </ClInclude>
    <ClInclude Include="dataManager.h">
      <Filter>2DGameFramework\Manager</Filter>
    </ClInclude>
    <ClInclude Include="blade.h">
      <Filter>playGround\enemy</Filter>
    </ClInclude>
    <ClInclude Include="bone.h">
      <Filter>playGround\enemy</Filter>
    </ClInclude>
    <ClInclude Include="nxy.h">
      <Filter>playGround\enemy</Filter>
    </ClInclude>
    <ClInclude Include="corner.h">
      <Filter>playGround\enemy</Filter>
    </ClInclude>
    <ClInclude Include="astarte.h">
      <Filter>playGround\enemy</Filter>
    </ClInclude>
    <ClInclude Include="spell.h">
      <Filter>playGround\Bullets</Filter>
    </ClInclude>
    <ClInclude Include="playerManager.h">
      <Filter>2DGameFramework\Manager</Filter>
    </ClInclude>
    <ClInclude Include="enemydataManager.h">
      <Filter>2DGameFramework\Manager</Filter>
    </ClInclude>
    <ClInclude Include="object.h">
      <Filter>playGround\object</Filter>
    </ClInclude>
    <ClInclude Include="objectManager.h">
      <Filter>playGround\object</Filter>
    </ClInclude>
    <ClInclude Include="objectdataManager.h">
      <Filter>2DGameFramework\Manager</Filter>
    </ClInclude>
    <ClInclude Include="clear.h">
      <Filter>playGround\map</Filter>
    </ClInclude>
    <ClInclude Include="gameOver.h">
      <Filter>playGround\map</Filter>
    </ClInclude>
    <ClInclude Include="startScene.h">
      <Filter>playGround\map</Filter>
    </ClInclude>
  </ItemGroup>
  <ItemGroup>
    <ClCompile Include="stdafx.cpp">
      <Filter>소스 파일</Filter>
    </ClCompile>
    <ClCompile Include="winMain.cpp">
      <Filter>소스 파일</Filter>
    </ClCompile>
    <ClCompile Include="gameNode.cpp">
      <Filter>2DGameFramework</Filter>
    </ClCompile>
    <ClCompile Include="playGround.cpp">
      <Filter>playGround</Filter>
    </ClCompile>
    <ClCompile Include="keyManager.cpp">
      <Filter>2DGameFramework\Manager</Filter>
    </ClCompile>
    <ClCompile Include="image.cpp">
      <Filter>2DGameFramework\image</Filter>
    </ClCompile>
    <ClCompile Include="utils.cpp">
      <Filter>2DGameFramework\Utils</Filter>
    </ClCompile>
    <ClCompile Include="imageManager.cpp">
      <Filter>2DGameFramework\Manager</Filter>
    </ClCompile>
    <ClCompile Include="bullets.cpp">
      <Filter>playGround\Bullets</Filter>
    </ClCompile>
    <ClCompile Include="enemyManager.cpp">
      <Filter>playGround\enemy</Filter>
    </ClCompile>
    <ClCompile Include="progressBar.cpp">
      <Filter>2DGameFramework\progressBar</Filter>
    </ClCompile>
    <ClCompile Include="txtData.cpp">
      <Filter>2DGameFramework\txtData</Filter>
    </ClCompile>
    <ClCompile Include="timer.cpp">
      <Filter>2DGameFramework\timer</Filter>
    </ClCompile>
    <ClCompile Include="timeManager.cpp">
      <Filter>2DGameFramework\Manager</Filter>
    </ClCompile>
    <ClCompile Include="sceneManager.cpp">
      <Filter>2DGameFramework\Manager</Filter>
    </ClCompile>
    <ClCompile Include="cameraManager.cpp">
      <Filter>2DGameFramework\Manager</Filter>
    </ClCompile>
    <ClCompile Include="player.cpp">
      <Filter>playGround\player</Filter>
    </ClCompile>
    <ClCompile Include="JState.cpp">
      <Filter>playGround\player</Filter>
    </ClCompile>
    <ClCompile Include="CrouchingState.cpp">
      <Filter>playGround\player</Filter>
    </ClCompile>
    <ClCompile Include="JumpingState.cpp">
      <Filter>playGround\player</Filter>
    </ClCompile>
    <ClCompile Include="StandingState.cpp">
      <Filter>playGround\player</Filter>
    </ClCompile>
    <ClCompile Include="UpState.cpp">
      <Filter>playGround\player</Filter>
    </ClCompile>
    <ClCompile Include="testScene.cpp">
      <Filter>playGround\map</Filter>
    </ClCompile>
    <ClCompile Include="testScene2.cpp">
      <Filter>playGround\map</Filter>
    </ClCompile>
    <ClCompile Include="third.cpp">
      <Filter>playGround\map</Filter>
    </ClCompile>
    <ClCompile Include="save.cpp">
      <Filter>playGround\map</Filter>
    </ClCompile>
    <ClCompile Include="heal.cpp">
      <Filter>playGround\map</Filter>
    </ClCompile>
    <ClCompile Include="bossroom.cpp">
      <Filter>playGround\map</Filter>
    </ClCompile>
    <ClCompile Include="bat.cpp">
      <Filter>playGround\enemy</Filter>
    </ClCompile>
    <ClCompile Include="dataManager.cpp">
      <Filter>2DGameFramework\Manager</Filter>
    </ClCompile>
    <ClCompile Include="blade.cpp">
      <Filter>playGround\enemy</Filter>
    </ClCompile>
    <ClCompile Include="bone.cpp">
      <Filter>playGround\enemy</Filter>
    </ClCompile>
    <ClCompile Include="nxy.cpp">
      <Filter>playGround\enemy</Filter>
    </ClCompile>
    <ClCompile Include="corner.cpp">
      <Filter>playGround\enemy</Filter>
    </ClCompile>
    <ClCompile Include="astarte.cpp">
      <Filter>playGround\enemy</Filter>
    </ClCompile>
    <ClCompile Include="spell.cpp">
      <Filter>playGround\Bullets</Filter>
    </ClCompile>
    <ClCompile Include="playerManager.cpp">
      <Filter>2DGameFramework\Manager</Filter>
    </ClCompile>
    <ClCompile Include="enemydataManager.cpp">
      <Filter>2DGameFramework\Manager</Filter>
    </ClCompile>
    <ClCompile Include="object.cpp">
      <Filter>playGround\object</Filter>
    </ClCompile>
    <ClCompile Include="objectManager.cpp">
      <Filter>playGround\object</Filter>
    </ClCompile>
    <ClCompile Include="objectdataManager.cpp">
      <Filter>2DGameFramework\Manager</Filter>
    </ClCompile>
    <ClCompile Include="clear.cpp">
      <Filter>playGround\map</Filter>
    </ClCompile>
    <ClCompile Include="gameOver.cpp">
      <Filter>playGround\map</Filter>
    </ClCompile>
    <ClCompile Include="startScene.cpp">
      <Filter>playGround\map</Filter>
    </ClCompile>
  </ItemGroup>
  <ItemGroup>
    <ResourceCompile Include="windowAPI.rc">
      <Filter>리소스 파일</Filter>
    </ResourceCompile>
  </ItemGroup>
  <ItemGroup>
    <Image Include="small.ico">
      <Filter>리소스 파일</Filter>
    </Image>
    <Image Include="windowAPI.ico">
      <Filter>리소스 파일</Filter>
    </Image>
  </ItemGroup>
</Project>